packages:
- package: dbt-labs/dbt_utils
  version: 1.1.1
- package: calogica/dbt_expectations
  version: 0.8.5
- package: dbt-labs/audit_helper
  version: 0.9.0
- local: /Users/ofek/workspace/elementary_workspace/dbt-data-reliability
- package: calogica/dbt_date
  version: 0.7.2
sha1_hash: 6229c87d7817721026a19d42c58a5c9269cf3e91
