packages:
  - package: dbt-labs/dbt_utils
    version: 1.1.1
  - package: calogica/dbt_expectations
    version: 0.8.5
  - package: dbt-labs/audit_helper
    version: 0.9.0
  - package: elementary-data/elementary
    version: 0.16.0
  - package: calogica/dbt_date
    version: 0.7.2
sha1_hash: 7318ad4186fcf22a468022ec020bf335fcb14eca
